// !$*UTF8*$!
{
	archiveVersion = 1;
	classes = {
	};
	objectVersion = 50;
	objects = {

/* Begin PBXBuildFile section */
		1E2496C947F7BD5C9D298FC2 /* Pods_Authorization.framework in Frameworks */ = {isa = PBXBuildFile; fileRef = DC27808DAD67897E5EC68A2E /* Pods_Authorization.framework */; };
		CAAA46FB26864D3400C19C42 /* AppDelegate.swift in Sources */ = {isa = PBXBuildFile; fileRef = CAAA46FA26864D3400C19C42 /* AppDelegate.swift */; };
		CAAA46FD26864D3400C19C42 /* SceneDelegate.swift in Sources */ = {isa = PBXBuildFile; fileRef = CAAA46FC26864D3400C19C42 /* SceneDelegate.swift */; };
		CAAA46FF26864D3400C19C42 /* ContentView.swift in Sources */ = {isa = PBXBuildFile; fileRef = CAAA46FE26864D3400C19C42 /* ContentView.swift */; };
		CAAA470126864D3700C19C42 /* Assets.xcassets in Resources */ = {isa = PBXBuildFile; fileRef = CAAA470026864D3700C19C42 /* Assets.xcassets */; };
		CAAA470426864D3700C19C42 /* Preview Assets.xcassets in Resources */ = {isa = PBXBuildFile; fileRef = CAAA470326864D3700C19C42 /* Preview Assets.xcassets */; };
		CAAA470726864D3700C19C42 /* LaunchScreen.storyboard in Resources */ = {isa = PBXBuildFile; fileRef = CAAA470526864D3700C19C42 /* LaunchScreen.storyboard */; };
		CAAA470F268654B000C19C42 /* GoogleService-Info.plist in Resources */ = {isa = PBXBuildFile; fileRef = CAAA470E268654B000C19C42 /* GoogleService-Info.plist */; };
/* End PBXBuildFile section */

/* Begin PBXFileReference section */
		353BB21E4FF8C32E6A84EB58 /* Pods-Authorization.release.xcconfig */ = {isa = PBXFileReference; includeInIndex = 1; lastKnownFileType = text.xcconfig; name = "Pods-Authorization.release.xcconfig"; path = "Target Support Files/Pods-Authorization/Pods-Authorization.release.xcconfig"; sourceTree = "<group>"; };
		CAAA46F726864D3400C19C42 /* Authorization.app */ = {isa = PBXFileReference; explicitFileType = wrapper.application; includeInIndex = 0; path = Authorization.app; sourceTree = BUILT_PRODUCTS_DIR; };
		CAAA46FA26864D3400C19C42 /* AppDelegate.swift */ = {isa = PBXFileReference; lastKnownFileType = sourcecode.swift; path = AppDelegate.swift; sourceTree = "<group>"; };
		CAAA46FC26864D3400C19C42 /* SceneDelegate.swift */ = {isa = PBXFileReference; lastKnownFileType = sourcecode.swift; path = SceneDelegate.swift; sourceTree = "<group>"; };
		CAAA46FE26864D3400C19C42 /* ContentView.swift */ = {isa = PBXFileReference; lastKnownFileType = sourcecode.swift; path = ContentView.swift; sourceTree = "<group>"; };
		CAAA470026864D3700C19C42 /* Assets.xcassets */ = {isa = PBXFileReference; lastKnownFileType = folder.assetcatalog; path = Assets.xcassets; sourceTree = "<group>"; };
		CAAA470326864D3700C19C42 /* Preview Assets.xcassets */ = {isa = PBXFileReference; lastKnownFileType = folder.assetcatalog; path = "Preview Assets.xcassets"; sourceTree = "<group>"; };
		CAAA470626864D3700C19C42 /* Base */ = {isa = PBXFileReference; lastKnownFileType = file.storyboard; name = Base; path = Base.lproj/LaunchScreen.storyboard; sourceTree = "<group>"; };
		CAAA470826864D3700C19C42 /* Info.plist */ = {isa = PBXFileReference; lastKnownFileType = text.plist.xml; path = Info.plist; sourceTree = "<group>"; };
		CAAA470E268654B000C19C42 /* GoogleService-Info.plist */ = {isa = PBXFileReference; fileEncoding = 4; lastKnownFileType = text.plist.xml; path = "GoogleService-Info.plist"; sourceTree = "<group>"; };
		DC27808DAD67897E5EC68A2E /* Pods_Authorization.framework */ = {isa = PBXFileReference; explicitFileType = wrapper.framework; includeInIndex = 0; path = Pods_Authorization.framework; sourceTree = BUILT_PRODUCTS_DIR; };
		DC4C336A193BB7C0C8B92E9F /* Pods-Authorization.debug.xcconfig */ = {isa = PBXFileReference; includeInIndex = 1; lastKnownFileType = text.xcconfig; name = "Pods-Authorization.debug.xcconfig"; path = "Target Support Files/Pods-Authorization/Pods-Authorization.debug.xcconfig"; sourceTree = "<group>"; };
/* End PBXFileReference section */

/* Begin PBXFrameworksBuildPhase section */
		CAAA46F426864D3400C19C42 /* Frameworks */ = {
			isa = PBXFrameworksBuildPhase;
			buildActionMask = 2147483647;
			files = (
				1E2496C947F7BD5C9D298FC2 /* Pods_Authorization.framework in Frameworks */,
			);
			runOnlyForDeploymentPostprocessing = 0;
		};
/* End PBXFrameworksBuildPhase section */

/* Begin PBXGroup section */
		4BA0A5080A7F7BAB34FCE4F4 /* Frameworks */ = {
			isa = PBXGroup;
			children = (
				DC27808DAD67897E5EC68A2E /* Pods_Authorization.framework */,
			);
			name = Frameworks;
			sourceTree = "<group>";
		};
		C2FDBE08BA1383099C9D0C31 /* Pods */ = {
			isa = PBXGroup;
			children = (
				DC4C336A193BB7C0C8B92E9F /* Pods-Authorization.debug.xcconfig */,
				353BB21E4FF8C32E6A84EB58 /* Pods-Authorization.release.xcconfig */,
			);
			name = Pods;
			path = Pods;
			sourceTree = "<group>";
		};
		CAAA46EE26864D3400C19C42 = {
			isa = PBXGroup;
			children = (
				CAAA46F926864D3400C19C42 /* Authorization */,
				CAAA46F826864D3400C19C42 /* Products */,
				C2FDBE08BA1383099C9D0C31 /* Pods */,
				4BA0A5080A7F7BAB34FCE4F4 /* Frameworks */,
			);
			sourceTree = "<group>";
		};
		CAAA46F826864D3400C19C42 /* Products */ = {
			isa = PBXGroup;
			children = (
				CAAA46F726864D3400C19C42 /* Authorization.app */,
			);
			name = Products;
			sourceTree = "<group>";
		};
		CAAA46F926864D3400C19C42 /* Authorization */ = {
			isa = PBXGroup;
			children = (
				CAAA46FA26864D3400C19C42 /* AppDelegate.swift */,
				CAAA46FC26864D3400C19C42 /* SceneDelegate.swift */,
				CAAA46FE26864D3400C19C42 /* ContentView.swift */,
				CAAA470026864D3700C19C42 /* Assets.xcassets */,
				CAAA470526864D3700C19C42 /* LaunchScreen.storyboard */,
				CAAA470826864D3700C19C42 /* Info.plist */,
				CAAA470E268654B000C19C42 /* GoogleService-Info.plist */,
				CAAA470226864D3700C19C42 /* Preview Content */,
			);
			path = Authorization;
			sourceTree = "<group>";
		};
		CAAA470226864D3700C19C42 /* Preview Content */ = {
			isa = PBXGroup;
			children = (
				CAAA470326864D3700C19C42 /* Preview Assets.xcassets */,
			);
			path = "Preview Content";
			sourceTree = "<group>";
		};
/* End PBXGroup section */

/* Begin PBXNativeTarget section */
		CAAA46F626864D3400C19C42 /* Authorization */ = {
			isa = PBXNativeTarget;
			buildConfigurationList = CAAA470B26864D3700C19C42 /* Build configuration list for PBXNativeTarget "Authorization" */;
			buildPhases = (
				B32B44F315313BAE054F27EF /* [CP] Check Pods Manifest.lock */,
				CAAA46F326864D3400C19C42 /* Sources */,
				CAAA46F426864D3400C19C42 /* Frameworks */,
				CAAA46F526864D3400C19C42 /* Resources */,
				D9814E6AA989BABA52366262 /* [CP] Embed Pods Frameworks */,
			);
			buildRules = (
			);
			dependencies = (
			);
			name = Authorization;
			productName = Authorization;
			productReference = CAAA46F726864D3400C19C42 /* Authorization.app */;
			productType = "com.apple.product-type.application";
		};
/* End PBXNativeTarget section */

/* Begin PBXProject section */
		CAAA46EF26864D3400C19C42 /* Project object */ = {
			isa = PBXProject;
			attributes = {
				LastSwiftUpdateCheck = 1250;
				LastUpgradeCheck = 1250;
				TargetAttributes = {
					CAAA46F626864D3400C19C42 = {
						CreatedOnToolsVersion = 12.5;
					};
				};
			};
			buildConfigurationList = CAAA46F226864D3400C19C42 /* Build configuration list for PBXProject "Authorization" */;
			compatibilityVersion = "Xcode 9.3";
			developmentRegion = en;
			hasScannedForEncodings = 0;
			knownRegions = (
				en,
				Base,
			);
			mainGroup = CAAA46EE26864D3400C19C42;
			productRefGroup = CAAA46F826864D3400C19C42 /* Products */;
			projectDirPath = "";
			projectRoot = "";
			targets = (
				CAAA46F626864D3400C19C42 /* Authorization */,
			);
		};
/* End PBXProject section */

/* Begin PBXResourcesBuildPhase section */
		CAAA46F526864D3400C19C42 /* Resources */ = {
			isa = PBXResourcesBuildPhase;
			buildActionMask = 2147483647;
			files = (
				CAAA470726864D3700C19C42 /* LaunchScreen.storyboard in Resources */,
				CAAA470426864D3700C19C42 /* Preview Assets.xcassets in Resources */,
				CAAA470F268654B000C19C42 /* GoogleService-Info.plist in Resources */,
				CAAA470126864D3700C19C42 /* Assets.xcassets in Resources */,
			);
			runOnlyForDeploymentPostprocessing = 0;
		};
/* End PBXResourcesBuildPhase section */

/* Begin PBXShellScriptBuildPhase section */
		B32B44F315313BAE054F27EF /* [CP] Check Pods Manifest.lock */ = {
			isa = PBXShellScriptBuildPhase;
			buildActionMask = 2147483647;
			files = (
			);
			inputFileListPaths = (
			);
			inputPaths = (
				"${PODS_PODFILE_DIR_PATH}/Podfile.lock",
				"${PODS_ROOT}/Manifest.lock",
			);
			name = "[CP] Check Pods Manifest.lock";
			outputFileListPaths = (
			);
			outputPaths = (
				"$(DERIVED_FILE_DIR)/Pods-Authorization-checkManifestLockResult.txt",
			);
			runOnlyForDeploymentPostprocessing = 0;
			shellPath = /bin/sh;
			shellScript = "diff \"${PODS_PODFILE_DIR_PATH}/Podfile.lock\" \"${PODS_ROOT}/Manifest.lock\" > /dev/null\nif [ $? != 0 ] ; then\n    # print error to STDERR\n    echo \"error: The sandbox is not in sync with the Podfile.lock. Run 'pod install' or update your CocoaPods installation.\" >&2\n    exit 1\nfi\n# This output is used by Xcode 'outputs' to avoid re-running this script phase.\necho \"SUCCESS\" > \"${SCRIPT_OUTPUT_FILE_0}\"\n";
			showEnvVarsInLog = 0;
		};
		D9814E6AA989BABA52366262 /* [CP] Embed Pods Frameworks */ = {
			isa = PBXShellScriptBuildPhase;
			buildActionMask = 2147483647;
			files = (
			);
			inputFileListPaths = (
				"${PODS_ROOT}/Target Support Files/Pods-Authorization/Pods-Authorization-frameworks-${CONFIGURATION}-input-files.xcfilelist",
			);
			name = "[CP] Embed Pods Frameworks";
			outputFileListPaths = (
				"${PODS_ROOT}/Target Support Files/Pods-Authorization/Pods-Authorization-frameworks-${CONFIGURATION}-output-files.xcfilelist",
			);
			runOnlyForDeploymentPostprocessing = 0;
			shellPath = /bin/sh;
			shellScript = "\"${PODS_ROOT}/Target Support Files/Pods-Authorization/Pods-Authorization-frameworks.sh\"\n";
			showEnvVarsInLog = 0;
		};
/* End PBXShellScriptBuildPhase section */

/* Begin PBXSourcesBuildPhase section */
		CAAA46F326864D3400C19C42 /* Sources */ = {
			isa = PBXSourcesBuildPhase;
			buildActionMask = 2147483647;
			files = (
				CAAA46FB26864D3400C19C42 /* AppDelegate.swift in Sources */,
				CAAA46FD26864D3400C19C42 /* SceneDelegate.swift in Sources */,
				CAAA46FF26864D3400C19C42 /* ContentView.swift in Sources */,
			);
			runOnlyForDeploymentPostprocessing = 0;
		};
/* End PBXSourcesBuildPhase section */

/* Begin PBXVariantGroup section */
		CAAA470526864D3700C19C42 /* LaunchScreen.storyboard */ = {
			isa = PBXVariantGroup;
			children = (
				CAAA470626864D3700C19C42 /* Base */,
			);
			name = LaunchScreen.storyboard;
			sourceTree = "<group>";
		};
/* End PBXVariantGroup section */

/* Begin XCBuildConfiguration section */
		CAAA470926864D3700C19C42 /* Debug */ = {
			isa = XCBuildConfiguration;
			buildSettings = {
				ALWAYS_SEARCH_USER_PATHS = NO;
				CLANG_ANALYZER_NONNULL = YES;
				CLANG_ANALYZER_NUMBER_OBJECT_CONVERSION = YES_AGGRESSIVE;
				CLANG_CXX_LANGUAGE_STANDARD = "gnu++14";
				CLANG_CXX_LIBRARY = "libc++";
				CLANG_ENABLE_MODULES = YES;
				CLANG_ENABLE_OBJC_ARC = YES;
				CLANG_ENABLE_OBJC_WEAK = YES;
				CLANG_WARN_BLOCK_CAPTURE_AUTORELEASING = YES;
				CLANG_WARN_BOOL_CONVERSION = YES;
				CLANG_WARN_COMMA = YES;
				CLANG_WARN_CONSTANT_CONVERSION = YES;
				CLANG_WARN_DEPRECATED_OBJC_IMPLEMENTATIONS = YES;
				CLANG_WARN_DIRECT_OBJC_ISA_USAGE = YES_ERROR;
				CLANG_WARN_DOCUMENTATION_COMMENTS = YES;
				CLANG_WARN_EMPTY_BODY = YES;
				CLANG_WARN_ENUM_CONVERSION = YES;
				CLANG_WARN_INFINITE_RECURSION = YES;
				CLANG_WARN_INT_CONVERSION = YES;
				CLANG_WARN_NON_LITERAL_NULL_CONVERSION = YES;
				CLANG_WARN_OBJC_IMPLICIT_RETAIN_SELF = YES;
				CLANG_WARN_OBJC_LITERAL_CONVERSION = YES;
				CLANG_WARN_OBJC_ROOT_CLASS = YES_ERROR;
				CLANG_WARN_QUOTED_INCLUDE_IN_FRAMEWORK_HEADER = YES;
				CLANG_WARN_RANGE_LOOP_ANALYSIS = YES;
				CLANG_WARN_STRICT_PROTOTYPES = YES;
				CLANG_WARN_SUSPICIOUS_MOVE = YES;
				CLANG_WARN_UNGUARDED_AVAILABILITY = YES_AGGRESSIVE;
				CLANG_WARN_UNREACHABLE_CODE = YES;
				CLANG_WARN__DUPLICATE_METHOD_MATCH = YES;
				COPY_PHASE_STRIP = NO;
				DEBUG_INFORMATION_FORMAT = dwarf;
				ENABLE_STRICT_OBJC_MSGSEND = YES;
				ENABLE_TESTABILITY = YES;
				GCC_C_LANGUAGE_STANDARD = gnu11;
				GCC_DYNAMIC_NO_PIC = NO;
				GCC_NO_COMMON_BLOCKS = YES;
				GCC_OPTIMIZATION_LEVEL = 0;
				GCC_PREPROCESSOR_DEFINITIONS = (
					"DEBUG=1",
					"$(inherited)",
				);
				GCC_WARN_64_TO_32_BIT_CONVERSION = YES;
				GCC_WARN_ABOUT_RETURN_TYPE = YES_ERROR;
				GCC_WARN_UNDECLARED_SELECTOR = YES;
				GCC_WARN_UNINITIALIZED_AUTOS = YES_AGGRESSIVE;
				GCC_WARN_UNUSED_FUNCTION = YES;
				GCC_WARN_UNUSED_VARIABLE = YES;
				IPHONEOS_DEPLOYMENT_TARGET = 14.5;
				MTL_ENABLE_DEBUG_INFO = INCLUDE_SOURCE;
				MTL_FAST_MATH = YES;
				ONLY_ACTIVE_ARCH = YES;
				SDKROOT = iphoneos;
				SWIFT_ACTIVE_COMPILATION_CONDITIONS = DEBUG;
				SWIFT_OPTIMIZATION_LEVEL = "-Onone";
			};
			name = Debug;
		};
		CAAA470A26864D3700C19C42 /* Release */ = {
			isa = XCBuildConfiguration;
			buildSettings = {
				ALWAYS_SEARCH_USER_PATHS = NO;
				CLANG_ANALYZER_NONNULL = YES;
				CLANG_ANALYZER_NUMBER_OBJECT_CONVERSION = YES_AGGRESSIVE;
				CLANG_CXX_LANGUAGE_STANDARD = "gnu++14";
				CLANG_CXX_LIBRARY = "libc++";
				CLANG_ENABLE_MODULES = YES;
				CLANG_ENABLE_OBJC_ARC = YES;
				CLANG_ENABLE_OBJC_WEAK = YES;
				CLANG_WARN_BLOCK_CAPTURE_AUTORELEASING = YES;
				CLANG_WARN_BOOL_CONVERSION = YES;
				CLANG_WARN_COMMA = YES;
				CLANG_WARN_CONSTANT_CONVERSION = YES;
				CLANG_WARN_DEPRECATED_OBJC_IMPLEMENTATIONS = YES;
				CLANG_WARN_DIRECT_OBJC_ISA_USAGE = YES_ERROR;
				CLANG_WARN_DOCUMENTATION_COMMENTS = YES;
				CLANG_WARN_EMPTY_BODY = YES;
				CLANG_WARN_ENUM_CONVERSION = YES;
				CLANG_WARN_INFINITE_RECURSION = YES;
				CLANG_WARN_INT_CONVERSION = YES;
				CLANG_WARN_NON_LITERAL_NULL_CONVERSION = YES;
				CLANG_WARN_OBJC_IMPLICIT_RETAIN_SELF = YES;
				CLANG_WARN_OBJC_LITERAL_CONVERSION = YES;
				CLANG_WARN_OBJC_ROOT_CLASS = YES_ERROR;
				CLANG_WARN_QUOTED_INCLUDE_IN_FRAMEWORK_HEADER = YES;
				CLANG_WARN_RANGE_LOOP_ANALYSIS = YES;
				CLANG_WARN_STRICT_PROTOTYPES = YES;
				CLANG_WARN_SUSPICIOUS_MOVE = YES;
				CLANG_WARN_UNGUARDED_AVAILABILITY = YES_AGGRESSIVE;
				CLANG_WARN_UNREACHABLE_CODE = YES;
				CLANG_WARN__DUPLICATE_METHOD_MATCH = YES;
				COPY_PHASE_STRIP = NO;
				DEBUG_INFORMATION_FORMAT = "dwarf-with-dsym";
				ENABLE_NS_ASSERTIONS = NO;
				ENABLE_STRICT_OBJC_MSGSEND = YES;
				GCC_C_LANGUAGE_STANDARD = gnu11;
				GCC_NO_COMMON_BLOCKS = YES;
				GCC_WARN_64_TO_32_BIT_CONVERSION = YES;
				GCC_WARN_ABOUT_RETURN_TYPE = YES_ERROR;
				GCC_WARN_UNDECLARED_SELECTOR = YES;
				GCC_WARN_UNINITIALIZED_AUTOS = YES_AGGRESSIVE;
				GCC_WARN_UNUSED_FUNCTION = YES;
				GCC_WARN_UNUSED_VARIABLE = YES;
				IPHONEOS_DEPLOYMENT_TARGET = 14.5;
				MTL_ENABLE_DEBUG_INFO = NO;
				MTL_FAST_MATH = YES;
				SDKROOT = iphoneos;
				SWIFT_COMPILATION_MODE = wholemodule;
				SWIFT_OPTIMIZATION_LEVEL = "-O";
				VALIDATE_PRODUCT = YES;
			};
			name = Release;
		};
		CAAA470C26864D3700C19C42 /* Debug */ = {
			isa = XCBuildConfiguration;
			baseConfigurationReference = DC4C336A193BB7C0C8B92E9F /* Pods-Authorization.debug.xcconfig */;
			buildSettings = {
				ASSETCATALOG_COMPILER_APPICON_NAME = AppIcon;
				ASSETCATALOG_COMPILER_GLOBAL_ACCENT_COLOR_NAME = AccentColor;
				CODE_SIGN_STYLE = Automatic;
				DEVELOPMENT_ASSET_PATHS = "\"Authorization/Preview Content\"";
				DEVELOPMENT_TEAM = C6CA7MRB89;
				ENABLE_PREVIEWS = YES;
				INFOPLIST_FILE = Authorization/Info.plist;
				LD_RUNPATH_SEARCH_PATHS = (
					"$(inherited)",
					"@executable_path/Frameworks",
				);
				PRODUCT_BUNDLE_IDENTIFIER = "Svistushkin-Egor.Authorization";
				PRODUCT_NAME = "$(TARGET_NAME)";
				SWIFT_VERSION = 5.0;
				TARGETED_DEVICE_FAMILY = "1,2";
			};
			name = Debug;
		};
		CAAA470D26864D3700C19C42 /* Release */ = {
			isa = XCBuildConfiguration;
			baseConfigurationReference = 353BB21E4FF8C32E6A84EB58 /* Pods-Authorization.release.xcconfig */;
			buildSettings = {
				ASSETCATALOG_COMPILER_APPICON_NAME = AppIcon;
				ASSETCATALOG_COMPILER_GLOBAL_ACCENT_COLOR_NAME = AccentColor;
				CODE_SIGN_STYLE = Automatic;
				DEVELOPMENT_ASSET_PATHS = "\"Authorization/Preview Content\"";
				DEVELOPMENT_TEAM = C6CA7MRB89;
				ENABLE_PREVIEWS = YES;
				INFOPLIST_FILE = Authorization/Info.plist;
				LD_RUNPATH_SEARCH_PATHS = (
					"$(inherited)",
					"@executable_path/Frameworks",
				);
				PRODUCT_BUNDLE_IDENTIFIER = "Svistushkin-Egor.Authorization";
				PRODUCT_NAME = "$(TARGET_NAME)";
				SWIFT_VERSION = 5.0;
				TARGETED_DEVICE_FAMILY = "1,2";
			};
			name = Release;
		};
/* End XCBuildConfiguration section */

/* Begin XCConfigurationList section */
		CAAA46F226864D3400C19C42 /* Build configuration list for PBXProject "Authorization" */ = {
			isa = XCConfigurationList;
			buildConfigurations = (
				CAAA470926864D3700C19C42 /* Debug */,
				CAAA470A26864D3700C19C42 /* Release */,
			);
			defaultConfigurationIsVisible = 0;
			defaultConfigurationName = Release;
		};
		CAAA470B26864D3700C19C42 /* Build configuration list for PBXNativeTarget "Authorization" */ = {
			isa = XCConfigurationList;
			buildConfigurations = (
				CAAA470C26864D3700C19C42 /* Debug */,
				CAAA470D26864D3700C19C42 /* Release */,
			);
			defaultConfigurationIsVisible = 0;
			defaultConfigurationName = Release;
		};
/* End XCConfigurationList section */
	};
	rootObject = CAAA46EF26864D3400C19C42 /* Project object */;
}
