// !$*UTF8*$!
{
	archiveVersion = 1;
	classes = {
	};
	objectVersion = 50;
	objects = {

/* Begin PBXBuildFile section */
		CA4E4C3A2677E79400D3D1A8 /* AppDelegate.swift in Sources */ = {isa = PBXBuildFile; fileRef = CA4E4C392677E79400D3D1A8 /* AppDelegate.swift */; };
		CA4E4C3C2677E79400D3D1A8 /* SceneDelegate.swift in Sources */ = {isa = PBXBuildFile; fileRef = CA4E4C3B2677E79400D3D1A8 /* SceneDelegate.swift */; };
		CA4E4C3E2677E79400D3D1A8 /* ContentView.swift in Sources */ = {isa = PBXBuildFile; fileRef = CA4E4C3D2677E79400D3D1A8 /* ContentView.swift */; };
		CA4E4C402677E7A400D3D1A8 /* Assets.xcassets in Resources */ = {isa = PBXBuildFile; fileRef = CA4E4C3F2677E7A400D3D1A8 /* Assets.xcassets */; };
		CA4E4C432677E7A400D3D1A8 /* Preview Assets.xcassets in Resources */ = {isa = PBXBuildFile; fileRef = CA4E4C422677E7A400D3D1A8 /* Preview Assets.xcassets */; };
		CA4E4C462677E7A400D3D1A8 /* LaunchScreen.storyboard in Resources */ = {isa = PBXBuildFile; fileRef = CA4E4C442677E7A400D3D1A8 /* LaunchScreen.storyboard */; };
		CA4E4C512677E7A500D3D1A8 /* MyCardAppTests.swift in Sources */ = {isa = PBXBuildFile; fileRef = CA4E4C502677E7A500D3D1A8 /* MyCardAppTests.swift */; };
		CA4E4C5C2677E7A500D3D1A8 /* MyCardAppUITests.swift in Sources */ = {isa = PBXBuildFile; fileRef = CA4E4C5B2677E7A500D3D1A8 /* MyCardAppUITests.swift */; };
/* End PBXBuildFile section */

/* Begin PBXContainerItemProxy section */
		CA4E4C4D2677E7A500D3D1A8 /* PBXContainerItemProxy */ = {
			isa = PBXContainerItemProxy;
			containerPortal = CA4E4C2E2677E79300D3D1A8 /* Project object */;
			proxyType = 1;
			remoteGlobalIDString = CA4E4C352677E79400D3D1A8;
			remoteInfo = MyCardApp;
		};
		CA4E4C582677E7A500D3D1A8 /* PBXContainerItemProxy */ = {
			isa = PBXContainerItemProxy;
			containerPortal = CA4E4C2E2677E79300D3D1A8 /* Project object */;
			proxyType = 1;
			remoteGlobalIDString = CA4E4C352677E79400D3D1A8;
			remoteInfo = MyCardApp;
		};
/* End PBXContainerItemProxy section */

/* Begin PBXFileReference section */
		CA4E4C362677E79400D3D1A8 /* MyCardApp.app */ = {isa = PBXFileReference; explicitFileType = wrapper.application; includeInIndex = 0; path = MyCardApp.app; sourceTree = BUILT_PRODUCTS_DIR; };
		CA4E4C392677E79400D3D1A8 /* AppDelegate.swift */ = {isa = PBXFileReference; lastKnownFileType = sourcecode.swift; path = AppDelegate.swift; sourceTree = "<group>"; };
		CA4E4C3B2677E79400D3D1A8 /* SceneDelegate.swift */ = {isa = PBXFileReference; lastKnownFileType = sourcecode.swift; path = SceneDelegate.swift; sourceTree = "<group>"; };
		CA4E4C3D2677E79400D3D1A8 /* ContentView.swift */ = {isa = PBXFileReference; lastKnownFileType = sourcecode.swift; path = ContentView.swift; sourceTree = "<group>"; };
		CA4E4C3F2677E7A400D3D1A8 /* Assets.xcassets */ = {isa = PBXFileReference; lastKnownFileType = folder.assetcatalog; path = Assets.xcassets; sourceTree = "<group>"; };
		CA4E4C422677E7A400D3D1A8 /* Preview Assets.xcassets */ = {isa = PBXFileReference; lastKnownFileType = folder.assetcatalog; path = "Preview Assets.xcassets"; sourceTree = "<group>"; };
		CA4E4C452677E7A400D3D1A8 /* Base */ = {isa = PBXFileReference; lastKnownFileType = file.storyboard; name = Base; path = Base.lproj/LaunchScreen.storyboard; sourceTree = "<group>"; };
		CA4E4C472677E7A400D3D1A8 /* Info.plist */ = {isa = PBXFileReference; lastKnownFileType = text.plist.xml; path = Info.plist; sourceTree = "<group>"; };
		CA4E4C4C2677E7A500D3D1A8 /* MyCardAppTests.xctest */ = {isa = PBXFileReference; explicitFileType = wrapper.cfbundle; includeInIndex = 0; path = MyCardAppTests.xctest; sourceTree = BUILT_PRODUCTS_DIR; };
		CA4E4C502677E7A500D3D1A8 /* MyCardAppTests.swift */ = {isa = PBXFileReference; lastKnownFileType = sourcecode.swift; path = MyCardAppTests.swift; sourceTree = "<group>"; };
		CA4E4C522677E7A500D3D1A8 /* Info.plist */ = {isa = PBXFileReference; lastKnownFileType = text.plist.xml; path = Info.plist; sourceTree = "<group>"; };
		CA4E4C572677E7A500D3D1A8 /* MyCardAppUITests.xctest */ = {isa = PBXFileReference; explicitFileType = wrapper.cfbundle; includeInIndex = 0; path = MyCardAppUITests.xctest; sourceTree = BUILT_PRODUCTS_DIR; };
		CA4E4C5B2677E7A500D3D1A8 /* MyCardAppUITests.swift */ = {isa = PBXFileReference; lastKnownFileType = sourcecode.swift; path = MyCardAppUITests.swift; sourceTree = "<group>"; };
		CA4E4C5D2677E7A500D3D1A8 /* Info.plist */ = {isa = PBXFileReference; lastKnownFileType = text.plist.xml; path = Info.plist; sourceTree = "<group>"; };
/* End PBXFileReference section */

/* Begin PBXFrameworksBuildPhase section */
		CA4E4C332677E79400D3D1A8 /* Frameworks */ = {
			isa = PBXFrameworksBuildPhase;
			buildActionMask = 2147483647;
			files = (
			);
			runOnlyForDeploymentPostprocessing = 0;
		};
		CA4E4C492677E7A500D3D1A8 /* Frameworks */ = {
			isa = PBXFrameworksBuildPhase;
			buildActionMask = 2147483647;
			files = (
			);
			runOnlyForDeploymentPostprocessing = 0;
		};
		CA4E4C542677E7A500D3D1A8 /* Frameworks */ = {
			isa = PBXFrameworksBuildPhase;
			buildActionMask = 2147483647;
			files = (
			);
			runOnlyForDeploymentPostprocessing = 0;
		};
/* End PBXFrameworksBuildPhase section */

/* Begin PBXGroup section */
		CA4E4C2D2677E79300D3D1A8 = {
			isa = PBXGroup;
			children = (
				CA4E4C382677E79400D3D1A8 /* MyCardApp */,
				CA4E4C4F2677E7A500D3D1A8 /* MyCardAppTests */,
				CA4E4C5A2677E7A500D3D1A8 /* MyCardAppUITests */,
				CA4E4C372677E79400D3D1A8 /* Products */,
			);
			sourceTree = "<group>";
		};
		CA4E4C372677E79400D3D1A8 /* Products */ = {
			isa = PBXGroup;
			children = (
				CA4E4C362677E79400D3D1A8 /* MyCardApp.app */,
				CA4E4C4C2677E7A500D3D1A8 /* MyCardAppTests.xctest */,
				CA4E4C572677E7A500D3D1A8 /* MyCardAppUITests.xctest */,
			);
			name = Products;
			sourceTree = "<group>";
		};
		CA4E4C382677E79400D3D1A8 /* MyCardApp */ = {
			isa = PBXGroup;
			children = (
				CA4E4C392677E79400D3D1A8 /* AppDelegate.swift */,
				CA4E4C3B2677E79400D3D1A8 /* SceneDelegate.swift */,
				CA4E4C3D2677E79400D3D1A8 /* ContentView.swift */,
				CA4E4C3F2677E7A400D3D1A8 /* Assets.xcassets */,
				CA4E4C442677E7A400D3D1A8 /* LaunchScreen.storyboard */,
				CA4E4C472677E7A400D3D1A8 /* Info.plist */,
				CA4E4C412677E7A400D3D1A8 /* Preview Content */,
			);
			path = MyCardApp;
			sourceTree = "<group>";
		};
		CA4E4C412677E7A400D3D1A8 /* Preview Content */ = {
			isa = PBXGroup;
			children = (
				CA4E4C422677E7A400D3D1A8 /* Preview Assets.xcassets */,
			);
			path = "Preview Content";
			sourceTree = "<group>";
		};
		CA4E4C4F2677E7A500D3D1A8 /* MyCardAppTests */ = {
			isa = PBXGroup;
			children = (
				CA4E4C502677E7A500D3D1A8 /* MyCardAppTests.swift */,
				CA4E4C522677E7A500D3D1A8 /* Info.plist */,
			);
			path = MyCardAppTests;
			sourceTree = "<group>";
		};
		CA4E4C5A2677E7A500D3D1A8 /* MyCardAppUITests */ = {
			isa = PBXGroup;
			children = (
				CA4E4C5B2677E7A500D3D1A8 /* MyCardAppUITests.swift */,
				CA4E4C5D2677E7A500D3D1A8 /* Info.plist */,
			);
			path = MyCardAppUITests;
			sourceTree = "<group>";
		};
/* End PBXGroup section */

/* Begin PBXNativeTarget section */
		CA4E4C352677E79400D3D1A8 /* MyCardApp */ = {
			isa = PBXNativeTarget;
			buildConfigurationList = CA4E4C602677E7A500D3D1A8 /* Build configuration list for PBXNativeTarget "MyCardApp" */;
			buildPhases = (
				CA4E4C322677E79400D3D1A8 /* Sources */,
				CA4E4C332677E79400D3D1A8 /* Frameworks */,
				CA4E4C342677E79400D3D1A8 /* Resources */,
			);
			buildRules = (
			);
			dependencies = (
			);
			name = MyCardApp;
			productName = MyCardApp;
			productReference = CA4E4C362677E79400D3D1A8 /* MyCardApp.app */;
			productType = "com.apple.product-type.application";
		};
		CA4E4C4B2677E7A500D3D1A8 /* MyCardAppTests */ = {
			isa = PBXNativeTarget;
			buildConfigurationList = CA4E4C632677E7A500D3D1A8 /* Build configuration list for PBXNativeTarget "MyCardAppTests" */;
			buildPhases = (
				CA4E4C482677E7A500D3D1A8 /* Sources */,
				CA4E4C492677E7A500D3D1A8 /* Frameworks */,
				CA4E4C4A2677E7A500D3D1A8 /* Resources */,
			);
			buildRules = (
			);
			dependencies = (
				CA4E4C4E2677E7A500D3D1A8 /* PBXTargetDependency */,
			);
			name = MyCardAppTests;
			productName = MyCardAppTests;
			productReference = CA4E4C4C2677E7A500D3D1A8 /* MyCardAppTests.xctest */;
			productType = "com.apple.product-type.bundle.unit-test";
		};
		CA4E4C562677E7A500D3D1A8 /* MyCardAppUITests */ = {
			isa = PBXNativeTarget;
			buildConfigurationList = CA4E4C662677E7A500D3D1A8 /* Build configuration list for PBXNativeTarget "MyCardAppUITests" */;
			buildPhases = (
				CA4E4C532677E7A500D3D1A8 /* Sources */,
				CA4E4C542677E7A500D3D1A8 /* Frameworks */,
				CA4E4C552677E7A500D3D1A8 /* Resources */,
			);
			buildRules = (
			);
			dependencies = (
				CA4E4C592677E7A500D3D1A8 /* PBXTargetDependency */,
			);
			name = MyCardAppUITests;
			productName = MyCardAppUITests;
			productReference = CA4E4C572677E7A500D3D1A8 /* MyCardAppUITests.xctest */;
			productType = "com.apple.product-type.bundle.ui-testing";
		};
/* End PBXNativeTarget section */

/* Begin PBXProject section */
		CA4E4C2E2677E79300D3D1A8 /* Project object */ = {
			isa = PBXProject;
			attributes = {
				LastSwiftUpdateCheck = 1250;
				LastUpgradeCheck = 1250;
				TargetAttributes = {
					CA4E4C352677E79400D3D1A8 = {
						CreatedOnToolsVersion = 12.5;
					};
					CA4E4C4B2677E7A500D3D1A8 = {
						CreatedOnToolsVersion = 12.5;
						TestTargetID = CA4E4C352677E79400D3D1A8;
					};
					CA4E4C562677E7A500D3D1A8 = {
						CreatedOnToolsVersion = 12.5;
						TestTargetID = CA4E4C352677E79400D3D1A8;
					};
				};
			};
			buildConfigurationList = CA4E4C312677E79300D3D1A8 /* Build configuration list for PBXProject "MyCardApp" */;
			compatibilityVersion = "Xcode 9.3";
			developmentRegion = en;
			hasScannedForEncodings = 0;
			knownRegions = (
				en,
				Base,
			);
			mainGroup = CA4E4C2D2677E79300D3D1A8;
			productRefGroup = CA4E4C372677E79400D3D1A8 /* Products */;
			projectDirPath = "";
			projectRoot = "";
			targets = (
				CA4E4C352677E79400D3D1A8 /* MyCardApp */,
				CA4E4C4B2677E7A500D3D1A8 /* MyCardAppTests */,
				CA4E4C562677E7A500D3D1A8 /* MyCardAppUITests */,
			);
		};
/* End PBXProject section */

/* Begin PBXResourcesBuildPhase section */
		CA4E4C342677E79400D3D1A8 /* Resources */ = {
			isa = PBXResourcesBuildPhase;
			buildActionMask = 2147483647;
			files = (
				CA4E4C462677E7A400D3D1A8 /* LaunchScreen.storyboard in Resources */,
				CA4E4C432677E7A400D3D1A8 /* Preview Assets.xcassets in Resources */,
				CA4E4C402677E7A400D3D1A8 /* Assets.xcassets in Resources */,
			);
			runOnlyForDeploymentPostprocessing = 0;
		};
		CA4E4C4A2677E7A500D3D1A8 /* Resources */ = {
			isa = PBXResourcesBuildPhase;
			buildActionMask = 2147483647;
			files = (
			);
			runOnlyForDeploymentPostprocessing = 0;
		};
		CA4E4C552677E7A500D3D1A8 /* Resources */ = {
			isa = PBXResourcesBuildPhase;
			buildActionMask = 2147483647;
			files = (
			);
			runOnlyForDeploymentPostprocessing = 0;
		};
/* End PBXResourcesBuildPhase section */

/* Begin PBXSourcesBuildPhase section */
		CA4E4C322677E79400D3D1A8 /* Sources */ = {
			isa = PBXSourcesBuildPhase;
			buildActionMask = 2147483647;
			files = (
				CA4E4C3A2677E79400D3D1A8 /* AppDelegate.swift in Sources */,
				CA4E4C3C2677E79400D3D1A8 /* SceneDelegate.swift in Sources */,
				CA4E4C3E2677E79400D3D1A8 /* ContentView.swift in Sources */,
			);
			runOnlyForDeploymentPostprocessing = 0;
		};
		CA4E4C482677E7A500D3D1A8 /* Sources */ = {
			isa = PBXSourcesBuildPhase;
			buildActionMask = 2147483647;
			files = (
				CA4E4C512677E7A500D3D1A8 /* MyCardAppTests.swift in Sources */,
			);
			runOnlyForDeploymentPostprocessing = 0;
		};
		CA4E4C532677E7A500D3D1A8 /* Sources */ = {
			isa = PBXSourcesBuildPhase;
			buildActionMask = 2147483647;
			files = (
				CA4E4C5C2677E7A500D3D1A8 /* MyCardAppUITests.swift in Sources */,
			);
			runOnlyForDeploymentPostprocessing = 0;
		};
/* End PBXSourcesBuildPhase section */

/* Begin PBXTargetDependency section */
		CA4E4C4E2677E7A500D3D1A8 /* PBXTargetDependency */ = {
			isa = PBXTargetDependency;
			target = CA4E4C352677E79400D3D1A8 /* MyCardApp */;
			targetProxy = CA4E4C4D2677E7A500D3D1A8 /* PBXContainerItemProxy */;
		};
		CA4E4C592677E7A500D3D1A8 /* PBXTargetDependency */ = {
			isa = PBXTargetDependency;
			target = CA4E4C352677E79400D3D1A8 /* MyCardApp */;
			targetProxy = CA4E4C582677E7A500D3D1A8 /* PBXContainerItemProxy */;
		};
/* End PBXTargetDependency section */

/* Begin PBXVariantGroup section */
		CA4E4C442677E7A400D3D1A8 /* LaunchScreen.storyboard */ = {
			isa = PBXVariantGroup;
			children = (
				CA4E4C452677E7A400D3D1A8 /* Base */,
			);
			name = LaunchScreen.storyboard;
			sourceTree = "<group>";
		};
/* End PBXVariantGroup section */

/* Begin XCBuildConfiguration section */
		CA4E4C5E2677E7A500D3D1A8 /* Debug */ = {
			isa = XCBuildConfiguration;
			buildSettings = {
				ALWAYS_SEARCH_USER_PATHS = NO;
				CLANG_ANALYZER_NONNULL = YES;
				CLANG_ANALYZER_NUMBER_OBJECT_CONVERSION = YES_AGGRESSIVE;
				CLANG_CXX_LANGUAGE_STANDARD = "gnu++14";
				CLANG_CXX_LIBRARY = "libc++";
				CLANG_ENABLE_MODULES = YES;
				CLANG_ENABLE_OBJC_ARC = YES;
				CLANG_ENABLE_OBJC_WEAK = YES;
				CLANG_WARN_BLOCK_CAPTURE_AUTORELEASING = YES;
				CLANG_WARN_BOOL_CONVERSION = YES;
				CLANG_WARN_COMMA = YES;
				CLANG_WARN_CONSTANT_CONVERSION = YES;
				CLANG_WARN_DEPRECATED_OBJC_IMPLEMENTATIONS = YES;
				CLANG_WARN_DIRECT_OBJC_ISA_USAGE = YES_ERROR;
				CLANG_WARN_DOCUMENTATION_COMMENTS = YES;
				CLANG_WARN_EMPTY_BODY = YES;
				CLANG_WARN_ENUM_CONVERSION = YES;
				CLANG_WARN_INFINITE_RECURSION = YES;
				CLANG_WARN_INT_CONVERSION = YES;
				CLANG_WARN_NON_LITERAL_NULL_CONVERSION = YES;
				CLANG_WARN_OBJC_IMPLICIT_RETAIN_SELF = YES;
				CLANG_WARN_OBJC_LITERAL_CONVERSION = YES;
				CLANG_WARN_OBJC_ROOT_CLASS = YES_ERROR;
				CLANG_WARN_QUOTED_INCLUDE_IN_FRAMEWORK_HEADER = YES;
				CLANG_WARN_RANGE_LOOP_ANALYSIS = YES;
				CLANG_WARN_STRICT_PROTOTYPES = YES;
				CLANG_WARN_SUSPICIOUS_MOVE = YES;
				CLANG_WARN_UNGUARDED_AVAILABILITY = YES_AGGRESSIVE;
				CLANG_WARN_UNREACHABLE_CODE = YES;
				CLANG_WARN__DUPLICATE_METHOD_MATCH = YES;
				COPY_PHASE_STRIP = NO;
				DEBUG_INFORMATION_FORMAT = dwarf;
				ENABLE_STRICT_OBJC_MSGSEND = YES;
				ENABLE_TESTABILITY = YES;
				GCC_C_LANGUAGE_STANDARD = gnu11;
				GCC_DYNAMIC_NO_PIC = NO;
				GCC_NO_COMMON_BLOCKS = YES;
				GCC_OPTIMIZATION_LEVEL = 0;
				GCC_PREPROCESSOR_DEFINITIONS = (
					"DEBUG=1",
					"$(inherited)",
				);
				GCC_WARN_64_TO_32_BIT_CONVERSION = YES;
				GCC_WARN_ABOUT_RETURN_TYPE = YES_ERROR;
				GCC_WARN_UNDECLARED_SELECTOR = YES;
				GCC_WARN_UNINITIALIZED_AUTOS = YES_AGGRESSIVE;
				GCC_WARN_UNUSED_FUNCTION = YES;
				GCC_WARN_UNUSED_VARIABLE = YES;
				IPHONEOS_DEPLOYMENT_TARGET = 14.5;
				MTL_ENABLE_DEBUG_INFO = INCLUDE_SOURCE;
				MTL_FAST_MATH = YES;
				ONLY_ACTIVE_ARCH = YES;
				SDKROOT = iphoneos;
				SWIFT_ACTIVE_COMPILATION_CONDITIONS = DEBUG;
				SWIFT_OPTIMIZATION_LEVEL = "-Onone";
			};
			name = Debug;
		};
		CA4E4C5F2677E7A500D3D1A8 /* Release */ = {
			isa = XCBuildConfiguration;
			buildSettings = {
				ALWAYS_SEARCH_USER_PATHS = NO;
				CLANG_ANALYZER_NONNULL = YES;
				CLANG_ANALYZER_NUMBER_OBJECT_CONVERSION = YES_AGGRESSIVE;
				CLANG_CXX_LANGUAGE_STANDARD = "gnu++14";
				CLANG_CXX_LIBRARY = "libc++";
				CLANG_ENABLE_MODULES = YES;
				CLANG_ENABLE_OBJC_ARC = YES;
				CLANG_ENABLE_OBJC_WEAK = YES;
				CLANG_WARN_BLOCK_CAPTURE_AUTORELEASING = YES;
				CLANG_WARN_BOOL_CONVERSION = YES;
				CLANG_WARN_COMMA = YES;
				CLANG_WARN_CONSTANT_CONVERSION = YES;
				CLANG_WARN_DEPRECATED_OBJC_IMPLEMENTATIONS = YES;
				CLANG_WARN_DIRECT_OBJC_ISA_USAGE = YES_ERROR;
				CLANG_WARN_DOCUMENTATION_COMMENTS = YES;
				CLANG_WARN_EMPTY_BODY = YES;
				CLANG_WARN_ENUM_CONVERSION = YES;
				CLANG_WARN_INFINITE_RECURSION = YES;
				CLANG_WARN_INT_CONVERSION = YES;
				CLANG_WARN_NON_LITERAL_NULL_CONVERSION = YES;
				CLANG_WARN_OBJC_IMPLICIT_RETAIN_SELF = YES;
				CLANG_WARN_OBJC_LITERAL_CONVERSION = YES;
				CLANG_WARN_OBJC_ROOT_CLASS = YES_ERROR;
				CLANG_WARN_QUOTED_INCLUDE_IN_FRAMEWORK_HEADER = YES;
				CLANG_WARN_RANGE_LOOP_ANALYSIS = YES;
				CLANG_WARN_STRICT_PROTOTYPES = YES;
				CLANG_WARN_SUSPICIOUS_MOVE = YES;
				CLANG_WARN_UNGUARDED_AVAILABILITY = YES_AGGRESSIVE;
				CLANG_WARN_UNREACHABLE_CODE = YES;
				CLANG_WARN__DUPLICATE_METHOD_MATCH = YES;
				COPY_PHASE_STRIP = NO;
				DEBUG_INFORMATION_FORMAT = "dwarf-with-dsym";
				ENABLE_NS_ASSERTIONS = NO;
				ENABLE_STRICT_OBJC_MSGSEND = YES;
				GCC_C_LANGUAGE_STANDARD = gnu11;
				GCC_NO_COMMON_BLOCKS = YES;
				GCC_WARN_64_TO_32_BIT_CONVERSION = YES;
				GCC_WARN_ABOUT_RETURN_TYPE = YES_ERROR;
				GCC_WARN_UNDECLARED_SELECTOR = YES;
				GCC_WARN_UNINITIALIZED_AUTOS = YES_AGGRESSIVE;
				GCC_WARN_UNUSED_FUNCTION = YES;
				GCC_WARN_UNUSED_VARIABLE = YES;
				IPHONEOS_DEPLOYMENT_TARGET = 14.5;
				MTL_ENABLE_DEBUG_INFO = NO;
				MTL_FAST_MATH = YES;
				SDKROOT = iphoneos;
				SWIFT_COMPILATION_MODE = wholemodule;
				SWIFT_OPTIMIZATION_LEVEL = "-O";
				VALIDATE_PRODUCT = YES;
			};
			name = Release;
		};
		CA4E4C612677E7A500D3D1A8 /* Debug */ = {
			isa = XCBuildConfiguration;
			buildSettings = {
				ASSETCATALOG_COMPILER_APPICON_NAME = AppIcon;
				ASSETCATALOG_COMPILER_GLOBAL_ACCENT_COLOR_NAME = AccentColor;
				CODE_SIGN_STYLE = Automatic;
				DEVELOPMENT_ASSET_PATHS = "\"MyCardApp/Preview Content\"";
				DEVELOPMENT_TEAM = C6CA7MRB89;
				ENABLE_PREVIEWS = YES;
				INFOPLIST_FILE = MyCardApp/Info.plist;
				LD_RUNPATH_SEARCH_PATHS = (
					"$(inherited)",
					"@executable_path/Frameworks",
				);
				PRODUCT_BUNDLE_IDENTIFIER = "Svistushkin-Egor.MyCardApp";
				PRODUCT_NAME = "$(TARGET_NAME)";
				SWIFT_VERSION = 5.0;
				TARGETED_DEVICE_FAMILY = "1,2";
			};
			name = Debug;
		};
		CA4E4C622677E7A500D3D1A8 /* Release */ = {
			isa = XCBuildConfiguration;
			buildSettings = {
				ASSETCATALOG_COMPILER_APPICON_NAME = AppIcon;
				ASSETCATALOG_COMPILER_GLOBAL_ACCENT_COLOR_NAME = AccentColor;
				CODE_SIGN_STYLE = Automatic;
				DEVELOPMENT_ASSET_PATHS = "\"MyCardApp/Preview Content\"";
				DEVELOPMENT_TEAM = C6CA7MRB89;
				ENABLE_PREVIEWS = YES;
				INFOPLIST_FILE = MyCardApp/Info.plist;
				LD_RUNPATH_SEARCH_PATHS = (
					"$(inherited)",
					"@executable_path/Frameworks",
				);
				PRODUCT_BUNDLE_IDENTIFIER = "Svistushkin-Egor.MyCardApp";
				PRODUCT_NAME = "$(TARGET_NAME)";
				SWIFT_VERSION = 5.0;
				TARGETED_DEVICE_FAMILY = "1,2";
			};
			name = Release;
		};
		CA4E4C642677E7A500D3D1A8 /* Debug */ = {
			isa = XCBuildConfiguration;
			buildSettings = {
				ALWAYS_EMBED_SWIFT_STANDARD_LIBRARIES = YES;
				BUNDLE_LOADER = "$(TEST_HOST)";
				CODE_SIGN_STYLE = Automatic;
				DEVELOPMENT_TEAM = C6CA7MRB89;
				INFOPLIST_FILE = MyCardAppTests/Info.plist;
				IPHONEOS_DEPLOYMENT_TARGET = 14.5;
				LD_RUNPATH_SEARCH_PATHS = (
					"$(inherited)",
					"@executable_path/Frameworks",
					"@loader_path/Frameworks",
				);
				PRODUCT_BUNDLE_IDENTIFIER = "Svistushkin-Egor.MyCardAppTests";
				PRODUCT_NAME = "$(TARGET_NAME)";
				SWIFT_VERSION = 5.0;
				TARGETED_DEVICE_FAMILY = "1,2";
				TEST_HOST = "$(BUILT_PRODUCTS_DIR)/MyCardApp.app/MyCardApp";
			};
			name = Debug;
		};
		CA4E4C652677E7A500D3D1A8 /* Release */ = {
			isa = XCBuildConfiguration;
			buildSettings = {
				ALWAYS_EMBED_SWIFT_STANDARD_LIBRARIES = YES;
				BUNDLE_LOADER = "$(TEST_HOST)";
				CODE_SIGN_STYLE = Automatic;
				DEVELOPMENT_TEAM = C6CA7MRB89;
				INFOPLIST_FILE = MyCardAppTests/Info.plist;
				IPHONEOS_DEPLOYMENT_TARGET = 14.5;
				LD_RUNPATH_SEARCH_PATHS = (
					"$(inherited)",
					"@executable_path/Frameworks",
					"@loader_path/Frameworks",
				);
				PRODUCT_BUNDLE_IDENTIFIER = "Svistushkin-Egor.MyCardAppTests";
				PRODUCT_NAME = "$(TARGET_NAME)";
				SWIFT_VERSION = 5.0;
				TARGETED_DEVICE_FAMILY = "1,2";
				TEST_HOST = "$(BUILT_PRODUCTS_DIR)/MyCardApp.app/MyCardApp";
			};
			name = Release;
		};
		CA4E4C672677E7A500D3D1A8 /* Debug */ = {
			isa = XCBuildConfiguration;
			buildSettings = {
				ALWAYS_EMBED_SWIFT_STANDARD_LIBRARIES = YES;
				CODE_SIGN_STYLE = Automatic;
				DEVELOPMENT_TEAM = C6CA7MRB89;
				INFOPLIST_FILE = MyCardAppUITests/Info.plist;
				LD_RUNPATH_SEARCH_PATHS = (
					"$(inherited)",
					"@executable_path/Frameworks",
					"@loader_path/Frameworks",
				);
				PRODUCT_BUNDLE_IDENTIFIER = "Svistushkin-Egor.MyCardAppUITests";
				PRODUCT_NAME = "$(TARGET_NAME)";
				SWIFT_VERSION = 5.0;
				TARGETED_DEVICE_FAMILY = "1,2";
				TEST_TARGET_NAME = MyCardApp;
			};
			name = Debug;
		};
		CA4E4C682677E7A500D3D1A8 /* Release */ = {
			isa = XCBuildConfiguration;
			buildSettings = {
				ALWAYS_EMBED_SWIFT_STANDARD_LIBRARIES = YES;
				CODE_SIGN_STYLE = Automatic;
				DEVELOPMENT_TEAM = C6CA7MRB89;
				INFOPLIST_FILE = MyCardAppUITests/Info.plist;
				LD_RUNPATH_SEARCH_PATHS = (
					"$(inherited)",
					"@executable_path/Frameworks",
					"@loader_path/Frameworks",
				);
				PRODUCT_BUNDLE_IDENTIFIER = "Svistushkin-Egor.MyCardAppUITests";
				PRODUCT_NAME = "$(TARGET_NAME)";
				SWIFT_VERSION = 5.0;
				TARGETED_DEVICE_FAMILY = "1,2";
				TEST_TARGET_NAME = MyCardApp;
			};
			name = Release;
		};
/* End XCBuildConfiguration section */

/* Begin XCConfigurationList section */
		CA4E4C312677E79300D3D1A8 /* Build configuration list for PBXProject "MyCardApp" */ = {
			isa = XCConfigurationList;
			buildConfigurations = (
				CA4E4C5E2677E7A500D3D1A8 /* Debug */,
				CA4E4C5F2677E7A500D3D1A8 /* Release */,
			);
			defaultConfigurationIsVisible = 0;
			defaultConfigurationName = Release;
		};
		CA4E4C602677E7A500D3D1A8 /* Build configuration list for PBXNativeTarget "MyCardApp" */ = {
			isa = XCConfigurationList;
			buildConfigurations = (
				CA4E4C612677E7A500D3D1A8 /* Debug */,
				CA4E4C622677E7A500D3D1A8 /* Release */,
			);
			defaultConfigurationIsVisible = 0;
			defaultConfigurationName = Release;
		};
		CA4E4C632677E7A500D3D1A8 /* Build configuration list for PBXNativeTarget "MyCardAppTests" */ = {
			isa = XCConfigurationList;
			buildConfigurations = (
				CA4E4C642677E7A500D3D1A8 /* Debug */,
				CA4E4C652677E7A500D3D1A8 /* Release */,
			);
			defaultConfigurationIsVisible = 0;
			defaultConfigurationName = Release;
		};
		CA4E4C662677E7A500D3D1A8 /* Build configuration list for PBXNativeTarget "MyCardAppUITests" */ = {
			isa = XCConfigurationList;
			buildConfigurations = (
				CA4E4C672677E7A500D3D1A8 /* Debug */,
				CA4E4C682677E7A500D3D1A8 /* Release */,
			);
			defaultConfigurationIsVisible = 0;
			defaultConfigurationName = Release;
		};
/* End XCConfigurationList section */
	};
	rootObject = CA4E4C2E2677E79300D3D1A8 /* Project object */;
}
